Microsoft Visual Studio Solution File, Format Version 12.00
# Visual Studio Version 16
VisualStudioVersion = 16.0.29123.89
MinimumVisualStudioVersion = 10.0.40219.1
Project("{FAE04EC0-301F-11D3-BF4B-00C04F79EFBC}") = "SwiftUI", "src\SwiftUI\SwiftUI.csproj", "{31E05277-F5C7-47C7-988B-EFA3A8057F07}"
EndProject
Project("{FAE04EC0-301F-11D3-BF4B-00C04F79EFBC}") = "XamMacSwiftUITest", "XamMacSwiftUITest\XamMacSwiftUITest.csproj", "{24332183-3269-4D12-BC4B-F0C397E99E4C}"
EndProject
Project("{FAE04EC0-301F-11D3-BF4B-00C04F79EFBC}") = "SwiftUI.Tests", "tests\SwiftUI.Tests\SwiftUI.Tests.csproj", "{CCA6EDBD-0F63-4C2C-95E8-FEDBFA9BD0ED}"
EndProject
Project("{F2A71F9B-5D33-465A-A702-920D77279786}") = "XamMacSwiftUITest.FSharp", "XamMacSwiftUITest.FSharp\XamMacSwiftUITest.FSharp.fsproj", "{A509E396-F462-4528-8485-4F7698FA4848}"
EndProject
Project("{FAE04EC0-301F-11D3-BF4B-00C04F79EFBC}") = "XamiOSSwiftUITest", "XamiOSSwiftUITest\XamiOSSwiftUITest.csproj", "{72CBF528-4225-44FC-B9DC-CD34DF3FC6C7}"
EndProject
Project("{D954291E-2A0B-460D-934E-DC6B0785DB48}") = "XamSwiftUITestShared", "XamSwiftUITestShared\XamSwiftUITestShared.shproj", "{99F5F4F5-135E-46B4-941B-135F3420F1D9}"
EndProject
Project("{F2A71F9B-5D33-465A-A702-920D77279786}") = "SwiftUI.Tests.FSharp", "tests\SwiftUI.Tests.FSharp\SwiftUI.Tests.FSharp.fsproj", "{D9211517-73D3-4548-B5DA-CAFB0A5B74A5}"
EndProject
Project("{FAE04EC0-301F-11D3-BF4B-00C04F79EFBC}") = "SwiftUI.Analyzers", "src\SwiftUI.Analyzers\SwiftUI.Analyzers.csproj", "{5009CB3A-FF2B-46C8-B75B-2BD05F67BA60}"
EndProject
Project("{FAE04EC0-301F-11D3-BF4B-00C04F79EFBC}") = "SwiftUI.Analyzers.Tests", "tests\SwiftUI.Analyzers.Tests\SwiftUI.Analyzers.Tests.csproj", "{28883268-FEE9-48E7-90A2-FDCED575CDE2}"
EndProject
Project("{2150E333-8FDC-42A3-9474-1A3956D46DE8}") = "Tests", "Tests", "{96D409C9-7355-4EAA-8091-14802423E32E}"
EndProject
Project("{2150E333-8FDC-42A3-9474-1A3956D46DE8}") = "Samples", "Samples", "{0A30EAB4-9484-4C3D-B7AF-3FF29EF250EC}"
EndProject
Project("{FAE04EC0-301F-11D3-BF4B-00C04F79EFBC}") = "XamTVOSSwiftUITest", "XamTVOSSwiftUITest\XamTVOSSwiftUITest.csproj", "{E0CEA2D1-E2D5-4D1B-9B46-5931E9CC0A8D}"
EndProject
Global
	GlobalSection(SolutionConfigurationPlatforms) = preSolution
		Debug|Any CPU = Debug|Any CPU
		Release|Any CPU = Release|Any CPU
		Debug|iPhoneSimulator = Debug|iPhoneSimulator
		Release|iPhone = Release|iPhone
		Release|iPhoneSimulator = Release|iPhoneSimulator
		Debug|iPhone = Debug|iPhone
	EndGlobalSection
	GlobalSection(ProjectConfigurationPlatforms) = postSolution
		{31E05277-F5C7-47C7-988B-EFA3A8057F07}.Debug|Any CPU.ActiveCfg = Debug|Any CPU
		{31E05277-F5C7-47C7-988B-EFA3A8057F07}.Debug|Any CPU.Build.0 = Debug|Any CPU
		{31E05277-F5C7-47C7-988B-EFA3A8057F07}.Release|Any CPU.ActiveCfg = Release|Any CPU
		{31E05277-F5C7-47C7-988B-EFA3A8057F07}.Release|Any CPU.Build.0 = Release|Any CPU
		{31E05277-F5C7-47C7-988B-EFA3A8057F07}.Debug|iPhoneSimulator.ActiveCfg = Debug|Any CPU
		{31E05277-F5C7-47C7-988B-EFA3A8057F07}.Debug|iPhoneSimulator.Build.0 = Debug|Any CPU
		{31E05277-F5C7-47C7-988B-EFA3A8057F07}.Release|iPhone.ActiveCfg = Release|Any CPU
		{31E05277-F5C7-47C7-988B-EFA3A8057F07}.Release|iPhone.Build.0 = Release|Any CPU
		{31E05277-F5C7-47C7-988B-EFA3A8057F07}.Release|iPhoneSimulator.ActiveCfg = Release|Any CPU
		{31E05277-F5C7-47C7-988B-EFA3A8057F07}.Release|iPhoneSimulator.Build.0 = Release|Any CPU
		{31E05277-F5C7-47C7-988B-EFA3A8057F07}.Debug|iPhone.ActiveCfg = Debug|Any CPU
		{31E05277-F5C7-47C7-988B-EFA3A8057F07}.Debug|iPhone.Build.0 = Debug|Any CPU
		{24332183-3269-4D12-BC4B-F0C397E99E4C}.Debug|Any CPU.ActiveCfg = Debug|Any CPU
		{24332183-3269-4D12-BC4B-F0C397E99E4C}.Debug|Any CPU.Build.0 = Debug|Any CPU
		{24332183-3269-4D12-BC4B-F0C397E99E4C}.Release|Any CPU.ActiveCfg = Release|Any CPU
		{24332183-3269-4D12-BC4B-F0C397E99E4C}.Release|Any CPU.Build.0 = Release|Any CPU
		{24332183-3269-4D12-BC4B-F0C397E99E4C}.Debug|iPhoneSimulator.ActiveCfg = Debug|Any CPU
		{24332183-3269-4D12-BC4B-F0C397E99E4C}.Debug|iPhoneSimulator.Build.0 = Debug|Any CPU
		{24332183-3269-4D12-BC4B-F0C397E99E4C}.Release|iPhone.ActiveCfg = Release|Any CPU
		{24332183-3269-4D12-BC4B-F0C397E99E4C}.Release|iPhone.Build.0 = Release|Any CPU
		{24332183-3269-4D12-BC4B-F0C397E99E4C}.Release|iPhoneSimulator.ActiveCfg = Release|Any CPU
		{24332183-3269-4D12-BC4B-F0C397E99E4C}.Release|iPhoneSimulator.Build.0 = Release|Any CPU
		{24332183-3269-4D12-BC4B-F0C397E99E4C}.Debug|iPhone.ActiveCfg = Debug|Any CPU
		{24332183-3269-4D12-BC4B-F0C397E99E4C}.Debug|iPhone.Build.0 = Debug|Any CPU
		{CCA6EDBD-0F63-4C2C-95E8-FEDBFA9BD0ED}.Debug|Any CPU.ActiveCfg = Debug|Any CPU
		{CCA6EDBD-0F63-4C2C-95E8-FEDBFA9BD0ED}.Debug|Any CPU.Build.0 = Debug|Any CPU
		{CCA6EDBD-0F63-4C2C-95E8-FEDBFA9BD0ED}.Release|Any CPU.ActiveCfg = Release|Any CPU
		{CCA6EDBD-0F63-4C2C-95E8-FEDBFA9BD0ED}.Release|Any CPU.Build.0 = Release|Any CPU
		{CCA6EDBD-0F63-4C2C-95E8-FEDBFA9BD0ED}.Debug|iPhoneSimulator.ActiveCfg = Debug|Any CPU
		{CCA6EDBD-0F63-4C2C-95E8-FEDBFA9BD0ED}.Debug|iPhoneSimulator.Build.0 = Debug|Any CPU
		{CCA6EDBD-0F63-4C2C-95E8-FEDBFA9BD0ED}.Release|iPhone.ActiveCfg = Release|Any CPU
		{CCA6EDBD-0F63-4C2C-95E8-FEDBFA9BD0ED}.Release|iPhone.Build.0 = Release|Any CPU
		{CCA6EDBD-0F63-4C2C-95E8-FEDBFA9BD0ED}.Release|iPhoneSimulator.ActiveCfg = Release|Any CPU
		{CCA6EDBD-0F63-4C2C-95E8-FEDBFA9BD0ED}.Release|iPhoneSimulator.Build.0 = Release|Any CPU
		{CCA6EDBD-0F63-4C2C-95E8-FEDBFA9BD0ED}.Debug|iPhone.ActiveCfg = Debug|Any CPU
		{CCA6EDBD-0F63-4C2C-95E8-FEDBFA9BD0ED}.Debug|iPhone.Build.0 = Debug|Any CPU
		{A509E396-F462-4528-8485-4F7698FA4848}.Debug|Any CPU.ActiveCfg = Debug|Any CPU
		{A509E396-F462-4528-8485-4F7698FA4848}.Debug|Any CPU.Build.0 = Debug|Any CPU
		{A509E396-F462-4528-8485-4F7698FA4848}.Release|Any CPU.ActiveCfg = Release|Any CPU
		{A509E396-F462-4528-8485-4F7698FA4848}.Release|Any CPU.Build.0 = Release|Any CPU
		{A509E396-F462-4528-8485-4F7698FA4848}.Debug|iPhoneSimulator.ActiveCfg = Debug|Any CPU
		{A509E396-F462-4528-8485-4F7698FA4848}.Debug|iPhoneSimulator.Build.0 = Debug|Any CPU
		{A509E396-F462-4528-8485-4F7698FA4848}.Release|iPhone.ActiveCfg = Release|Any CPU
		{A509E396-F462-4528-8485-4F7698FA4848}.Release|iPhone.Build.0 = Release|Any CPU
		{A509E396-F462-4528-8485-4F7698FA4848}.Release|iPhoneSimulator.ActiveCfg = Release|Any CPU
		{A509E396-F462-4528-8485-4F7698FA4848}.Release|iPhoneSimulator.Build.0 = Release|Any CPU
		{A509E396-F462-4528-8485-4F7698FA4848}.Debug|iPhone.ActiveCfg = Debug|Any CPU
		{A509E396-F462-4528-8485-4F7698FA4848}.Debug|iPhone.Build.0 = Debug|Any CPU
		{72CBF528-4225-44FC-B9DC-CD34DF3FC6C7}.Debug|Any CPU.ActiveCfg = Debug|iPhoneSimulator
		{72CBF528-4225-44FC-B9DC-CD34DF3FC6C7}.Debug|Any CPU.Build.0 = Debug|iPhoneSimulator
		{72CBF528-4225-44FC-B9DC-CD34DF3FC6C7}.Release|Any CPU.ActiveCfg = Release|iPhoneSimulator
		{72CBF528-4225-44FC-B9DC-CD34DF3FC6C7}.Release|Any CPU.Build.0 = Release|iPhoneSimulator
		{72CBF528-4225-44FC-B9DC-CD34DF3FC6C7}.Debug|iPhoneSimulator.ActiveCfg = Debug|iPhoneSimulator
		{72CBF528-4225-44FC-B9DC-CD34DF3FC6C7}.Debug|iPhoneSimulator.Build.0 = Debug|iPhoneSimulator
		{72CBF528-4225-44FC-B9DC-CD34DF3FC6C7}.Release|iPhone.ActiveCfg = Release|iPhone
		{72CBF528-4225-44FC-B9DC-CD34DF3FC6C7}.Release|iPhone.Build.0 = Release|iPhone
		{72CBF528-4225-44FC-B9DC-CD34DF3FC6C7}.Release|iPhoneSimulator.ActiveCfg = Release|iPhoneSimulator
		{72CBF528-4225-44FC-B9DC-CD34DF3FC6C7}.Release|iPhoneSimulator.Build.0 = Release|iPhoneSimulator
		{72CBF528-4225-44FC-B9DC-CD34DF3FC6C7}.Debug|iPhone.ActiveCfg = Debug|iPhone
		{72CBF528-4225-44FC-B9DC-CD34DF3FC6C7}.Debug|iPhone.Build.0 = Debug|iPhone
		{D9211517-73D3-4548-B5DA-CAFB0A5B74A5}.Debug|Any CPU.ActiveCfg = Debug|Any CPU
		{D9211517-73D3-4548-B5DA-CAFB0A5B74A5}.Debug|Any CPU.Build.0 = Debug|Any CPU
		{D9211517-73D3-4548-B5DA-CAFB0A5B74A5}.Release|Any CPU.ActiveCfg = Release|Any CPU
		{D9211517-73D3-4548-B5DA-CAFB0A5B74A5}.Release|Any CPU.Build.0 = Release|Any CPU
		{D9211517-73D3-4548-B5DA-CAFB0A5B74A5}.Debug|iPhoneSimulator.ActiveCfg = Debug|Any CPU
		{D9211517-73D3-4548-B5DA-CAFB0A5B74A5}.Debug|iPhoneSimulator.Build.0 = Debug|Any CPU
		{D9211517-73D3-4548-B5DA-CAFB0A5B74A5}.Release|iPhone.ActiveCfg = Release|Any CPU
		{D9211517-73D3-4548-B5DA-CAFB0A5B74A5}.Release|iPhone.Build.0 = Release|Any CPU
		{D9211517-73D3-4548-B5DA-CAFB0A5B74A5}.Release|iPhoneSimulator.ActiveCfg = Release|Any CPU
		{D9211517-73D3-4548-B5DA-CAFB0A5B74A5}.Release|iPhoneSimulator.Build.0 = Release|Any CPU
		{D9211517-73D3-4548-B5DA-CAFB0A5B74A5}.Debug|iPhone.ActiveCfg = Debug|Any CPU
		{D9211517-73D3-4548-B5DA-CAFB0A5B74A5}.Debug|iPhone.Build.0 = Debug|Any CPU
		{5009CB3A-FF2B-46C8-B75B-2BD05F67BA60}.Debug|Any CPU.ActiveCfg = Debug|Any CPU
		{5009CB3A-FF2B-46C8-B75B-2BD05F67BA60}.Debug|Any CPU.Build.0 = Debug|Any CPU
		{5009CB3A-FF2B-46C8-B75B-2BD05F67BA60}.Release|Any CPU.ActiveCfg = Release|Any CPU
		{5009CB3A-FF2B-46C8-B75B-2BD05F67BA60}.Release|Any CPU.Build.0 = Release|Any CPU
		{5009CB3A-FF2B-46C8-B75B-2BD05F67BA60}.Debug|iPhoneSimulator.ActiveCfg = Debug|Any CPU
		{5009CB3A-FF2B-46C8-B75B-2BD05F67BA60}.Debug|iPhoneSimulator.Build.0 = Debug|Any CPU
		{5009CB3A-FF2B-46C8-B75B-2BD05F67BA60}.Release|iPhone.ActiveCfg = Release|Any CPU
		{5009CB3A-FF2B-46C8-B75B-2BD05F67BA60}.Release|iPhone.Build.0 = Release|Any CPU
		{5009CB3A-FF2B-46C8-B75B-2BD05F67BA60}.Release|iPhoneSimulator.ActiveCfg = Release|Any CPU
		{5009CB3A-FF2B-46C8-B75B-2BD05F67BA60}.Release|iPhoneSimulator.Build.0 = Release|Any CPU
		{5009CB3A-FF2B-46C8-B75B-2BD05F67BA60}.Debug|iPhone.ActiveCfg = Debug|Any CPU
		{5009CB3A-FF2B-46C8-B75B-2BD05F67BA60}.Debug|iPhone.Build.0 = Debug|Any CPU
		{28883268-FEE9-48E7-90A2-FDCED575CDE2}.Debug|Any CPU.ActiveCfg = Debug|Any CPU
		{28883268-FEE9-48E7-90A2-FDCED575CDE2}.Debug|Any CPU.Build.0 = Debug|Any CPU
		{28883268-FEE9-48E7-90A2-FDCED575CDE2}.Release|Any CPU.ActiveCfg = Release|Any CPU
		{28883268-FEE9-48E7-90A2-FDCED575CDE2}.Release|Any CPU.Build.0 = Release|Any CPU
		{28883268-FEE9-48E7-90A2-FDCED575CDE2}.Debug|iPhoneSimulator.ActiveCfg = Debug|Any CPU
		{28883268-FEE9-48E7-90A2-FDCED575CDE2}.Debug|iPhoneSimulator.Build.0 = Debug|Any CPU
		{28883268-FEE9-48E7-90A2-FDCED575CDE2}.Release|iPhone.ActiveCfg = Release|Any CPU
		{28883268-FEE9-48E7-90A2-FDCED575CDE2}.Release|iPhone.Build.0 = Release|Any CPU
		{28883268-FEE9-48E7-90A2-FDCED575CDE2}.Release|iPhoneSimulator.ActiveCfg = Release|Any CPU
		{28883268-FEE9-48E7-90A2-FDCED575CDE2}.Release|iPhoneSimulator.Build.0 = Release|Any CPU
		{28883268-FEE9-48E7-90A2-FDCED575CDE2}.Debug|iPhone.ActiveCfg = Debug|Any CPU
		{28883268-FEE9-48E7-90A2-FDCED575CDE2}.Debug|iPhone.Build.0 = Debug|Any CPU
		{E0CEA2D1-E2D5-4D1B-9B46-5931E9CC0A8D}.Debug|Any CPU.ActiveCfg = Debug|iPhoneSimulator
		{E0CEA2D1-E2D5-4D1B-9B46-5931E9CC0A8D}.Debug|Any CPU.Build.0 = Debug|iPhoneSimulator
		{E0CEA2D1-E2D5-4D1B-9B46-5931E9CC0A8D}.Release|Any CPU.ActiveCfg = Release|iPhone
		{E0CEA2D1-E2D5-4D1B-9B46-5931E9CC0A8D}.Release|Any CPU.Build.0 = Release|iPhone
		{E0CEA2D1-E2D5-4D1B-9B46-5931E9CC0A8D}.Debug|iPhoneSimulator.ActiveCfg = Debug|iPhoneSimulator
		{E0CEA2D1-E2D5-4D1B-9B46-5931E9CC0A8D}.Debug|iPhoneSimulator.Build.0 = Debug|iPhoneSimulator
		{E0CEA2D1-E2D5-4D1B-9B46-5931E9CC0A8D}.Release|iPhone.ActiveCfg = Release|iPhone
		{E0CEA2D1-E2D5-4D1B-9B46-5931E9CC0A8D}.Release|iPhone.Build.0 = Release|iPhone
		{E0CEA2D1-E2D5-4D1B-9B46-5931E9CC0A8D}.Release|iPhoneSimulator.ActiveCfg = Release|iPhoneSimulator
		{E0CEA2D1-E2D5-4D1B-9B46-5931E9CC0A8D}.Release|iPhoneSimulator.Build.0 = Release|iPhoneSimulator
		{E0CEA2D1-E2D5-4D1B-9B46-5931E9CC0A8D}.Debug|iPhone.ActiveCfg = Debug|iPhone
		{E0CEA2D1-E2D5-4D1B-9B46-5931E9CC0A8D}.Debug|iPhone.Build.0 = Debug|iPhone
	EndGlobalSection
	GlobalSection(SolutionProperties) = preSolution
		HideSolutionNode = FALSE
	EndGlobalSection
	GlobalSection(ExtensibilityGlobals) = postSolution
		SolutionGuid = {D2D9F5E8-13B8-4BA0-8746-07FA70910234}
	EndGlobalSection
	GlobalSection(NestedProjects) = preSolution
		{CCA6EDBD-0F63-4C2C-95E8-FEDBFA9BD0ED} = {96D409C9-7355-4EAA-8091-14802423E32E}
		{28883268-FEE9-48E7-90A2-FDCED575CDE2} = {96D409C9-7355-4EAA-8091-14802423E32E}
		{D9211517-73D3-4548-B5DA-CAFB0A5B74A5} = {96D409C9-7355-4EAA-8091-14802423E32E}
		{72CBF528-4225-44FC-B9DC-CD34DF3FC6C7} = {0A30EAB4-9484-4C3D-B7AF-3FF29EF250EC}
		{24332183-3269-4D12-BC4B-F0C397E99E4C} = {0A30EAB4-9484-4C3D-B7AF-3FF29EF250EC}
		{A509E396-F462-4528-8485-4F7698FA4848} = {0A30EAB4-9484-4C3D-B7AF-3FF29EF250EC}
		{99F5F4F5-135E-46B4-941B-135F3420F1D9} = {0A30EAB4-9484-4C3D-B7AF-3FF29EF250EC}
		{E0CEA2D1-E2D5-4D1B-9B46-5931E9CC0A8D} = {0A30EAB4-9484-4C3D-B7AF-3FF29EF250EC}
	EndGlobalSection
EndGlobal
