Microsoft Visual Studio Solution File, Format Version 12.00
# Visual Studio Version 16
VisualStudioVersion = 16.0.29123.89
MinimumVisualStudioVersion = 10.0.40219.1
Project("{FAE04EC0-301F-11D3-BF4B-00C04F79EFBC}") = "SwiftUI", "src\SwiftUI\SwiftUI.csproj", "{31E05277-F5C7-47C7-988B-EFA3A8057F07}"
EndProject
Project("{FAE04EC0-301F-11D3-BF4B-00C04F79EFBC}") = "SwiftUI.Tests", "tests\SwiftUI.Tests\SwiftUI.Tests.csproj", "{CCA6EDBD-0F63-4C2C-95E8-FEDBFA9BD0ED}"
EndProject
Project("{F2A71F9B-5D33-465A-A702-920D77279786}") = "SwiftUI.Tests.FSharp", "tests\SwiftUI.Tests.FSharp\SwiftUI.Tests.FSharp.fsproj", "{D9211517-73D3-4548-B5DA-CAFB0A5B74A5}"
EndProject
Project("{FAE04EC0-301F-11D3-BF4B-00C04F79EFBC}") = "SwiftUI.Analyzers", "src\SwiftUI.Analyzers\SwiftUI.Analyzers.csproj", "{5009CB3A-FF2B-46C8-B75B-2BD05F67BA60}"
EndProject
Project("{FAE04EC0-301F-11D3-BF4B-00C04F79EFBC}") = "SwiftUI.Analyzers.Tests", "tests\SwiftUI.Analyzers.Tests\SwiftUI.Analyzers.Tests.csproj", "{28883268-FEE9-48E7-90A2-FDCED575CDE2}"
EndProject
Project("{2150E333-8FDC-42A3-9474-1A3956D46DE8}") = "Tests", "Tests", "{96D409C9-7355-4EAA-8091-14802423E32E}"
EndProject
Project("{2150E333-8FDC-42A3-9474-1A3956D46DE8}") = "Samples", "Samples", "{0A30EAB4-9484-4C3D-B7AF-3FF29EF250EC}"
EndProject
Project("{F2A71F9B-5D33-465A-A702-920D77279786}") = "SwiftUI.FSharp", "src\SwiftUI.FSharp\SwiftUI.FSharp.fsproj", "{01AABDE7-D7FE-4C2F-9C28-2E316A72A6F0}"
EndProject
Global
	GlobalSection(SolutionConfigurationPlatforms) = preSolution
		Debug|Any CPU = Debug|Any CPU
		Release|Any CPU = Release|Any CPU
		Debug|iPhoneSimulator = Debug|iPhoneSimulator
		Release|iPhone = Release|iPhone
		Release|iPhoneSimulator = Release|iPhoneSimulator
		Debug|iPhone = Debug|iPhone
	EndGlobalSection
	GlobalSection(ProjectConfigurationPlatforms) = postSolution
		{31E05277-F5C7-47C7-988B-EFA3A8057F07}.Debug|Any CPU.ActiveCfg = Debug|Any CPU
		{31E05277-F5C7-47C7-988B-EFA3A8057F07}.Debug|Any CPU.Build.0 = Debug|Any CPU
		{31E05277-F5C7-47C7-988B-EFA3A8057F07}.Release|Any CPU.ActiveCfg = Release|Any CPU
		{31E05277-F5C7-47C7-988B-EFA3A8057F07}.Release|Any CPU.Build.0 = Release|Any CPU
		{31E05277-F5C7-47C7-988B-EFA3A8057F07}.Debug|iPhoneSimulator.ActiveCfg = Debug|Any CPU
		{31E05277-F5C7-47C7-988B-EFA3A8057F07}.Debug|iPhoneSimulator.Build.0 = Debug|Any CPU
		{31E05277-F5C7-47C7-988B-EFA3A8057F07}.Release|iPhone.ActiveCfg = Release|Any CPU
		{31E05277-F5C7-47C7-988B-EFA3A8057F07}.Release|iPhone.Build.0 = Release|Any CPU
		{31E05277-F5C7-47C7-988B-EFA3A8057F07}.Release|iPhoneSimulator.ActiveCfg = Release|Any CPU
		{31E05277-F5C7-47C7-988B-EFA3A8057F07}.Release|iPhoneSimulator.Build.0 = Release|Any CPU
		{31E05277-F5C7-47C7-988B-EFA3A8057F07}.Debug|iPhone.ActiveCfg = Debug|Any CPU
		{31E05277-F5C7-47C7-988B-EFA3A8057F07}.Debug|iPhone.Build.0 = Debug|Any CPU
		{CCA6EDBD-0F63-4C2C-95E8-FEDBFA9BD0ED}.Debug|Any CPU.ActiveCfg = Debug|Any CPU
		{CCA6EDBD-0F63-4C2C-95E8-FEDBFA9BD0ED}.Debug|Any CPU.Build.0 = Debug|Any CPU
		{CCA6EDBD-0F63-4C2C-95E8-FEDBFA9BD0ED}.Release|Any CPU.ActiveCfg = Release|Any CPU
		{CCA6EDBD-0F63-4C2C-95E8-FEDBFA9BD0ED}.Release|Any CPU.Build.0 = Release|Any CPU
		{CCA6EDBD-0F63-4C2C-95E8-FEDBFA9BD0ED}.Debug|iPhoneSimulator.ActiveCfg = Debug|Any CPU
		{CCA6EDBD-0F63-4C2C-95E8-FEDBFA9BD0ED}.Debug|iPhoneSimulator.Build.0 = Debug|Any CPU
		{CCA6EDBD-0F63-4C2C-95E8-FEDBFA9BD0ED}.Release|iPhone.ActiveCfg = Release|Any CPU
		{CCA6EDBD-0F63-4C2C-95E8-FEDBFA9BD0ED}.Release|iPhone.Build.0 = Release|Any CPU
		{CCA6EDBD-0F63-4C2C-95E8-FEDBFA9BD0ED}.Release|iPhoneSimulator.ActiveCfg = Release|Any CPU
		{CCA6EDBD-0F63-4C2C-95E8-FEDBFA9BD0ED}.Release|iPhoneSimulator.Build.0 = Release|Any CPU
		{CCA6EDBD-0F63-4C2C-95E8-FEDBFA9BD0ED}.Debug|iPhone.ActiveCfg = Debug|Any CPU
		{CCA6EDBD-0F63-4C2C-95E8-FEDBFA9BD0ED}.Debug|iPhone.Build.0 = Debug|Any CPU
		{D9211517-73D3-4548-B5DA-CAFB0A5B74A5}.Debug|Any CPU.ActiveCfg = Debug|Any CPU
		{D9211517-73D3-4548-B5DA-CAFB0A5B74A5}.Debug|Any CPU.Build.0 = Debug|Any CPU
		{D9211517-73D3-4548-B5DA-CAFB0A5B74A5}.Release|Any CPU.ActiveCfg = Release|Any CPU
		{D9211517-73D3-4548-B5DA-CAFB0A5B74A5}.Release|Any CPU.Build.0 = Release|Any CPU
		{D9211517-73D3-4548-B5DA-CAFB0A5B74A5}.Debug|iPhoneSimulator.ActiveCfg = Debug|Any CPU
		{D9211517-73D3-4548-B5DA-CAFB0A5B74A5}.Debug|iPhoneSimulator.Build.0 = Debug|Any CPU
		{D9211517-73D3-4548-B5DA-CAFB0A5B74A5}.Release|iPhone.ActiveCfg = Release|Any CPU
		{D9211517-73D3-4548-B5DA-CAFB0A5B74A5}.Release|iPhone.Build.0 = Release|Any CPU
		{D9211517-73D3-4548-B5DA-CAFB0A5B74A5}.Release|iPhoneSimulator.ActiveCfg = Release|Any CPU
		{D9211517-73D3-4548-B5DA-CAFB0A5B74A5}.Release|iPhoneSimulator.Build.0 = Release|Any CPU
		{D9211517-73D3-4548-B5DA-CAFB0A5B74A5}.Debug|iPhone.ActiveCfg = Debug|Any CPU
		{D9211517-73D3-4548-B5DA-CAFB0A5B74A5}.Debug|iPhone.Build.0 = Debug|Any CPU
		{5009CB3A-FF2B-46C8-B75B-2BD05F67BA60}.Debug|Any CPU.ActiveCfg = Debug|Any CPU
		{5009CB3A-FF2B-46C8-B75B-2BD05F67BA60}.Debug|Any CPU.Build.0 = Debug|Any CPU
		{5009CB3A-FF2B-46C8-B75B-2BD05F67BA60}.Release|Any CPU.ActiveCfg = Release|Any CPU
		{5009CB3A-FF2B-46C8-B75B-2BD05F67BA60}.Release|Any CPU.Build.0 = Release|Any CPU
		{5009CB3A-FF2B-46C8-B75B-2BD05F67BA60}.Debug|iPhoneSimulator.ActiveCfg = Debug|Any CPU
		{5009CB3A-FF2B-46C8-B75B-2BD05F67BA60}.Debug|iPhoneSimulator.Build.0 = Debug|Any CPU
		{5009CB3A-FF2B-46C8-B75B-2BD05F67BA60}.Release|iPhone.ActiveCfg = Release|Any CPU
		{5009CB3A-FF2B-46C8-B75B-2BD05F67BA60}.Release|iPhone.Build.0 = Release|Any CPU
		{5009CB3A-FF2B-46C8-B75B-2BD05F67BA60}.Release|iPhoneSimulator.ActiveCfg = Release|Any CPU
		{5009CB3A-FF2B-46C8-B75B-2BD05F67BA60}.Release|iPhoneSimulator.Build.0 = Release|Any CPU
		{5009CB3A-FF2B-46C8-B75B-2BD05F67BA60}.Debug|iPhone.ActiveCfg = Debug|Any CPU
		{5009CB3A-FF2B-46C8-B75B-2BD05F67BA60}.Debug|iPhone.Build.0 = Debug|Any CPU
		{28883268-FEE9-48E7-90A2-FDCED575CDE2}.Debug|Any CPU.ActiveCfg = Debug|Any CPU
		{28883268-FEE9-48E7-90A2-FDCED575CDE2}.Debug|Any CPU.Build.0 = Debug|Any CPU
		{28883268-FEE9-48E7-90A2-FDCED575CDE2}.Release|Any CPU.ActiveCfg = Release|Any CPU
		{28883268-FEE9-48E7-90A2-FDCED575CDE2}.Release|Any CPU.Build.0 = Release|Any CPU
		{28883268-FEE9-48E7-90A2-FDCED575CDE2}.Debug|iPhoneSimulator.ActiveCfg = Debug|Any CPU
		{28883268-FEE9-48E7-90A2-FDCED575CDE2}.Debug|iPhoneSimulator.Build.0 = Debug|Any CPU
		{28883268-FEE9-48E7-90A2-FDCED575CDE2}.Release|iPhone.ActiveCfg = Release|Any CPU
		{28883268-FEE9-48E7-90A2-FDCED575CDE2}.Release|iPhone.Build.0 = Release|Any CPU
		{28883268-FEE9-48E7-90A2-FDCED575CDE2}.Release|iPhoneSimulator.ActiveCfg = Release|Any CPU
		{28883268-FEE9-48E7-90A2-FDCED575CDE2}.Release|iPhoneSimulator.Build.0 = Release|Any CPU
		{28883268-FEE9-48E7-90A2-FDCED575CDE2}.Debug|iPhone.ActiveCfg = Debug|Any CPU
		{28883268-FEE9-48E7-90A2-FDCED575CDE2}.Debug|iPhone.Build.0 = Debug|Any CPU
		{01AABDE7-D7FE-4C2F-9C28-2E316A72A6F0}.Debug|Any CPU.ActiveCfg = Debug|Any CPU
		{01AABDE7-D7FE-4C2F-9C28-2E316A72A6F0}.Debug|Any CPU.Build.0 = Debug|Any CPU
		{01AABDE7-D7FE-4C2F-9C28-2E316A72A6F0}.Release|Any CPU.ActiveCfg = Release|Any CPU
		{01AABDE7-D7FE-4C2F-9C28-2E316A72A6F0}.Release|Any CPU.Build.0 = Release|Any CPU
		{01AABDE7-D7FE-4C2F-9C28-2E316A72A6F0}.Debug|iPhoneSimulator.ActiveCfg = Debug|Any CPU
		{01AABDE7-D7FE-4C2F-9C28-2E316A72A6F0}.Debug|iPhoneSimulator.Build.0 = Debug|Any CPU
		{01AABDE7-D7FE-4C2F-9C28-2E316A72A6F0}.Release|iPhone.ActiveCfg = Release|Any CPU
		{01AABDE7-D7FE-4C2F-9C28-2E316A72A6F0}.Release|iPhone.Build.0 = Release|Any CPU
		{01AABDE7-D7FE-4C2F-9C28-2E316A72A6F0}.Release|iPhoneSimulator.ActiveCfg = Release|Any CPU
		{01AABDE7-D7FE-4C2F-9C28-2E316A72A6F0}.Release|iPhoneSimulator.Build.0 = Release|Any CPU
		{01AABDE7-D7FE-4C2F-9C28-2E316A72A6F0}.Debug|iPhone.ActiveCfg = Debug|Any CPU
		{01AABDE7-D7FE-4C2F-9C28-2E316A72A6F0}.Debug|iPhone.Build.0 = Debug|Any CPU
	EndGlobalSection
	GlobalSection(SolutionProperties) = preSolution
		HideSolutionNode = FALSE
	EndGlobalSection
	GlobalSection(ExtensibilityGlobals) = postSolution
		SolutionGuid = {D2D9F5E8-13B8-4BA0-8746-07FA70910234}
	EndGlobalSection
	GlobalSection(NestedProjects) = preSolution
		{CCA6EDBD-0F63-4C2C-95E8-FEDBFA9BD0ED} = {96D409C9-7355-4EAA-8091-14802423E32E}
		{28883268-FEE9-48E7-90A2-FDCED575CDE2} = {96D409C9-7355-4EAA-8091-14802423E32E}
		{D9211517-73D3-4548-B5DA-CAFB0A5B74A5} = {96D409C9-7355-4EAA-8091-14802423E32E}
	EndGlobalSection
EndGlobal
